
Microsoft Visual Studio Solution File, Format Version 12.00
# Visual Studio Version 17
VisualStudioVersion = 17.8.34330.188
MinimumVisualStudioVersion = 10.0.40219.1
Project("{8BC9CEB8-8B4A-11D0-8D11-00A0C91BC942}") = "common_vc14", "..\common\common_vc14.vcxproj", "{472E19AB-DEF0-42DF-819B-18722E8DC822}"
EndProject
Project("{8BC9CEB8-8B4A-11D0-8D11-00A0C91BC942}") = "skse64", "skse64\skse64.vcxproj", "{639411C0-FC23-4819-A0C5-429A4E5D8A51}"
EndProject
Project("{8BC9CEB8-8B4A-11D0-8D11-00A0C91BC942}") = "skse64_common", "skse64_common\skse64_common.vcxproj", "{5FD1C08D-DB80-480C-A1C6-F0920005CD13}"
EndProject
Project("{8BC9CEB8-8B4A-11D0-8D11-00A0C91BC942}") = "SkyrimVR_TrueGear", "SkyrimVR_TrueGear\SkyrimVR_TrueGear.vcxproj", "{9CF9AD3F-1C4A-4982-831D-A292E69FB698}"
EndProject
Global
	GlobalSection(SolutionConfigurationPlatforms) = preSolution
		Debug_Lib_VC142|x64 = Debug_Lib_VC142|x64
		Debug_Lib_VC142|x86 = Debug_Lib_VC142|x86
		Debug_Lib|x64 = Debug_Lib|x64
		Debug_Lib|x86 = Debug_Lib|x86
		Debug_VC142|x64 = Debug_VC142|x64
		Debug_VC142|x86 = Debug_VC142|x86
		Debug|x64 = Debug|x64
		Debug|x86 = Debug|x86
		Release_Lib_VC142|x64 = Release_Lib_VC142|x64
		Release_Lib_VC142|x86 = Release_Lib_VC142|x86
		Release_Lib|x64 = Release_Lib|x64
		Release_Lib|x86 = Release_Lib|x86
		Release_VC142|x64 = Release_VC142|x64
		Release_VC142|x86 = Release_VC142|x86
		Release|x64 = Release|x64
		Release|x86 = Release|x86
	EndGlobalSection
	GlobalSection(ProjectConfigurationPlatforms) = postSolution
		{472E19AB-DEF0-42DF-819B-18722E8DC822}.Debug_Lib_VC142|x64.ActiveCfg = Debug|x64
		{472E19AB-DEF0-42DF-819B-18722E8DC822}.Debug_Lib_VC142|x64.Build.0 = Debug|x64
		{472E19AB-DEF0-42DF-819B-18722E8DC822}.Debug_Lib_VC142|x86.ActiveCfg = Debug|x64
		{472E19AB-DEF0-42DF-819B-18722E8DC822}.Debug_Lib_VC142|x86.Build.0 = Debug|x64
		{472E19AB-DEF0-42DF-819B-18722E8DC822}.Debug_Lib|x64.ActiveCfg = Debug|x64
		{472E19AB-DEF0-42DF-819B-18722E8DC822}.Debug_Lib|x64.Build.0 = Debug|x64
		{472E19AB-DEF0-42DF-819B-18722E8DC822}.Debug_Lib|x86.ActiveCfg = Debug|x64
		{472E19AB-DEF0-42DF-819B-18722E8DC822}.Debug_Lib|x86.Build.0 = Debug|x64
		{472E19AB-DEF0-42DF-819B-18722E8DC822}.Debug_VC142|x64.ActiveCfg = Debug|x64
		{472E19AB-DEF0-42DF-819B-18722E8DC822}.Debug_VC142|x64.Build.0 = Debug|x64
		{472E19AB-DEF0-42DF-819B-18722E8DC822}.Debug_VC142|x86.ActiveCfg = Debug|x64
		{472E19AB-DEF0-42DF-819B-18722E8DC822}.Debug_VC142|x86.Build.0 = Debug|x64
		{472E19AB-DEF0-42DF-819B-18722E8DC822}.Debug|x64.ActiveCfg = Debug|x64
		{472E19AB-DEF0-42DF-819B-18722E8DC822}.Debug|x64.Build.0 = Debug|x64
		{472E19AB-DEF0-42DF-819B-18722E8DC822}.Debug|x86.ActiveCfg = Debug|x64
		{472E19AB-DEF0-42DF-819B-18722E8DC822}.Release_Lib_VC142|x64.ActiveCfg = Release|x64
		{472E19AB-DEF0-42DF-819B-18722E8DC822}.Release_Lib_VC142|x64.Build.0 = Release|x64
		{472E19AB-DEF0-42DF-819B-18722E8DC822}.Release_Lib_VC142|x86.ActiveCfg = Debug|x64
		{472E19AB-DEF0-42DF-819B-18722E8DC822}.Release_Lib_VC142|x86.Build.0 = Debug|x64
		{472E19AB-DEF0-42DF-819B-18722E8DC822}.Release_Lib|x64.ActiveCfg = Release|x64
		{472E19AB-DEF0-42DF-819B-18722E8DC822}.Release_Lib|x64.Build.0 = Release|x64
		{472E19AB-DEF0-42DF-819B-18722E8DC822}.Release_Lib|x86.ActiveCfg = Debug|x64
		{472E19AB-DEF0-42DF-819B-18722E8DC822}.Release_Lib|x86.Build.0 = Debug|x64
		{472E19AB-DEF0-42DF-819B-18722E8DC822}.Release_VC142|x64.ActiveCfg = Release|x64
		{472E19AB-DEF0-42DF-819B-18722E8DC822}.Release_VC142|x64.Build.0 = Release|x64
		{472E19AB-DEF0-42DF-819B-18722E8DC822}.Release_VC142|x86.ActiveCfg = Debug|x64
		{472E19AB-DEF0-42DF-819B-18722E8DC822}.Release_VC142|x86.Build.0 = Debug|x64
		{472E19AB-DEF0-42DF-819B-18722E8DC822}.Release|x64.ActiveCfg = Release|x64
		{472E19AB-DEF0-42DF-819B-18722E8DC822}.Release|x64.Build.0 = Release|x64
		{472E19AB-DEF0-42DF-819B-18722E8DC822}.Release|x86.ActiveCfg = Release|x64
		{639411C0-FC23-4819-A0C5-429A4E5D8A51}.Debug_Lib_VC142|x64.ActiveCfg = Debug_Lib_VC142|x64
		{639411C0-FC23-4819-A0C5-429A4E5D8A51}.Debug_Lib_VC142|x64.Build.0 = Debug_Lib_VC142|x64
		{639411C0-FC23-4819-A0C5-429A4E5D8A51}.Debug_Lib_VC142|x86.ActiveCfg = Debug_Lib_VC142|x64
		{639411C0-FC23-4819-A0C5-429A4E5D8A51}.Debug_Lib|x64.ActiveCfg = Debug_Lib|x64
		{639411C0-FC23-4819-A0C5-429A4E5D8A51}.Debug_Lib|x64.Build.0 = Debug_Lib|x64
		{639411C0-FC23-4819-A0C5-429A4E5D8A51}.Debug_Lib|x86.ActiveCfg = Debug_Lib|x64
		{639411C0-FC23-4819-A0C5-429A4E5D8A51}.Debug_VC142|x64.ActiveCfg = Debug_Lib_VC142|x64
		{639411C0-FC23-4819-A0C5-429A4E5D8A51}.Debug_VC142|x64.Build.0 = Debug_Lib_VC142|x64
		{639411C0-FC23-4819-A0C5-429A4E5D8A51}.Debug_VC142|x86.ActiveCfg = Debug_Lib_VC142|x64
		{639411C0-FC23-4819-A0C5-429A4E5D8A51}.Debug_VC142|x86.Build.0 = Debug_Lib_VC142|x64
		{639411C0-FC23-4819-A0C5-429A4E5D8A51}.Debug|x64.ActiveCfg = Debug_Lib_VC142|x64
		{639411C0-FC23-4819-A0C5-429A4E5D8A51}.Debug|x64.Build.0 = Debug_Lib_VC142|x64
		{639411C0-FC23-4819-A0C5-429A4E5D8A51}.Debug|x86.ActiveCfg = Debug|x64
		{639411C0-FC23-4819-A0C5-429A4E5D8A51}.Release_Lib_VC142|x64.ActiveCfg = Release_Lib_VC142|x64
		{639411C0-FC23-4819-A0C5-429A4E5D8A51}.Release_Lib_VC142|x64.Build.0 = Release_Lib_VC142|x64
		{639411C0-FC23-4819-A0C5-429A4E5D8A51}.Release_Lib_VC142|x86.ActiveCfg = Release_Lib_VC142|x64
		{639411C0-FC23-4819-A0C5-429A4E5D8A51}.Release_Lib|x64.ActiveCfg = Release_Lib|x64
		{639411C0-FC23-4819-A0C5-429A4E5D8A51}.Release_Lib|x64.Build.0 = Release_Lib|x64
		{639411C0-FC23-4819-A0C5-429A4E5D8A51}.Release_Lib|x86.ActiveCfg = Release_Lib|x64
		{639411C0-FC23-4819-A0C5-429A4E5D8A51}.Release_VC142|x64.ActiveCfg = Release_Lib|x64
		{639411C0-FC23-4819-A0C5-429A4E5D8A51}.Release_VC142|x64.Build.0 = Release_Lib|x64
		{639411C0-FC23-4819-A0C5-429A4E5D8A51}.Release_VC142|x86.ActiveCfg = Debug_Lib_VC142|x64
		{639411C0-FC23-4819-A0C5-429A4E5D8A51}.Release_VC142|x86.Build.0 = Debug_Lib_VC142|x64
		{639411C0-FC23-4819-A0C5-429A4E5D8A51}.Release|x64.ActiveCfg = Release|x64
		{639411C0-FC23-4819-A0C5-429A4E5D8A51}.Release|x64.Build.0 = Release|x64
		{639411C0-FC23-4819-A0C5-429A4E5D8A51}.Release|x86.ActiveCfg = Release|x64
		{5FD1C08D-DB80-480C-A1C6-F0920005CD13}.Debug_Lib_VC142|x64.ActiveCfg = Debug_VC142|x64
		{5FD1C08D-DB80-480C-A1C6-F0920005CD13}.Debug_Lib_VC142|x64.Build.0 = Debug_VC142|x64
		{5FD1C08D-DB80-480C-A1C6-F0920005CD13}.Debug_Lib_VC142|x86.ActiveCfg = Debug_VC142|x64
		{5FD1C08D-DB80-480C-A1C6-F0920005CD13}.Debug_Lib_VC142|x86.Build.0 = Debug_VC142|x64
		{5FD1C08D-DB80-480C-A1C6-F0920005CD13}.Debug_Lib|x64.ActiveCfg = Debug_VC142|x64
		{5FD1C08D-DB80-480C-A1C6-F0920005CD13}.Debug_Lib|x64.Build.0 = Debug_VC142|x64
		{5FD1C08D-DB80-480C-A1C6-F0920005CD13}.Debug_Lib|x86.ActiveCfg = Debug_VC142|x64
		{5FD1C08D-DB80-480C-A1C6-F0920005CD13}.Debug_Lib|x86.Build.0 = Debug_VC142|x64
		{5FD1C08D-DB80-480C-A1C6-F0920005CD13}.Debug_VC142|x64.ActiveCfg = Debug_VC142|x64
		{5FD1C08D-DB80-480C-A1C6-F0920005CD13}.Debug_VC142|x64.Build.0 = Debug_VC142|x64
		{5FD1C08D-DB80-480C-A1C6-F0920005CD13}.Debug_VC142|x86.ActiveCfg = Debug_VC142|x64
		{5FD1C08D-DB80-480C-A1C6-F0920005CD13}.Debug|x64.ActiveCfg = Debug_VC142|x64
		{5FD1C08D-DB80-480C-A1C6-F0920005CD13}.Debug|x64.Build.0 = Debug_VC142|x64
		{5FD1C08D-DB80-480C-A1C6-F0920005CD13}.Debug|x86.ActiveCfg = Debug|x64
		{5FD1C08D-DB80-480C-A1C6-F0920005CD13}.Release_Lib_VC142|x64.ActiveCfg = Release_VC142|x64
		{5FD1C08D-DB80-480C-A1C6-F0920005CD13}.Release_Lib_VC142|x64.Build.0 = Release_VC142|x64
		{5FD1C08D-DB80-480C-A1C6-F0920005CD13}.Release_Lib_VC142|x86.ActiveCfg = Debug_VC142|x64
		{5FD1C08D-DB80-480C-A1C6-F0920005CD13}.Release_Lib_VC142|x86.Build.0 = Debug_VC142|x64
		{5FD1C08D-DB80-480C-A1C6-F0920005CD13}.Release_Lib|x64.ActiveCfg = Release_VC142|x64
		{5FD1C08D-DB80-480C-A1C6-F0920005CD13}.Release_Lib|x64.Build.0 = Release_VC142|x64
		{5FD1C08D-DB80-480C-A1C6-F0920005CD13}.Release_Lib|x86.ActiveCfg = Debug_VC142|x64
		{5FD1C08D-DB80-480C-A1C6-F0920005CD13}.Release_Lib|x86.Build.0 = Debug_VC142|x64
		{5FD1C08D-DB80-480C-A1C6-F0920005CD13}.Release_VC142|x64.ActiveCfg = Release_VC142|x64
		{5FD1C08D-DB80-480C-A1C6-F0920005CD13}.Release_VC142|x64.Build.0 = Release_VC142|x64
		{5FD1C08D-DB80-480C-A1C6-F0920005CD13}.Release_VC142|x86.ActiveCfg = Release_VC142|x64
		{5FD1C08D-DB80-480C-A1C6-F0920005CD13}.Release|x64.ActiveCfg = Release|x64
		{5FD1C08D-DB80-480C-A1C6-F0920005CD13}.Release|x64.Build.0 = Release|x64
		{5FD1C08D-DB80-480C-A1C6-F0920005CD13}.Release|x86.ActiveCfg = Release|x64
		{9CF9AD3F-1C4A-4982-831D-A292E69FB698}.Debug_Lib_VC142|x64.ActiveCfg = Debug|x64
		{9CF9AD3F-1C4A-4982-831D-A292E69FB698}.Debug_Lib_VC142|x64.Build.0 = Debug|x64
		{9CF9AD3F-1C4A-4982-831D-A292E69FB698}.Debug_Lib_VC142|x86.ActiveCfg = Debug|Win32
		{9CF9AD3F-1C4A-4982-831D-A292E69FB698}.Debug_Lib_VC142|x86.Build.0 = Debug|Win32
		{9CF9AD3F-1C4A-4982-831D-A292E69FB698}.Debug_Lib|x64.ActiveCfg = Debug|x64
		{9CF9AD3F-1C4A-4982-831D-A292E69FB698}.Debug_Lib|x64.Build.0 = Debug|x64
		{9CF9AD3F-1C4A-4982-831D-A292E69FB698}.Debug_Lib|x86.ActiveCfg = Debug|Win32
		{9CF9AD3F-1C4A-4982-831D-A292E69FB698}.Debug_Lib|x86.Build.0 = Debug|Win32
		{9CF9AD3F-1C4A-4982-831D-A292E69FB698}.Debug_VC142|x64.ActiveCfg = Debug|x64
		{9CF9AD3F-1C4A-4982-831D-A292E69FB698}.Debug_VC142|x64.Build.0 = Debug|x64
		{9CF9AD3F-1C4A-4982-831D-A292E69FB698}.Debug_VC142|x86.ActiveCfg = Debug|Win32
		{9CF9AD3F-1C4A-4982-831D-A292E69FB698}.Debug_VC142|x86.Build.0 = Debug|Win32
		{9CF9AD3F-1C4A-4982-831D-A292E69FB698}.Debug|x64.ActiveCfg = Debug|x64
		{9CF9AD3F-1C4A-4982-831D-A292E69FB698}.Debug|x64.Build.0 = Debug|x64
		{9CF9AD3F-1C4A-4982-831D-A292E69FB698}.Debug|x86.ActiveCfg = Debug|Win32
		{9CF9AD3F-1C4A-4982-831D-A292E69FB698}.Debug|x86.Build.0 = Debug|Win32
		{9CF9AD3F-1C4A-4982-831D-A292E69FB698}.Release_Lib_VC142|x64.ActiveCfg = Release|x64
		{9CF9AD3F-1C4A-4982-831D-A292E69FB698}.Release_Lib_VC142|x64.Build.0 = Release|x64
		{9CF9AD3F-1C4A-4982-831D-A292E69FB698}.Release_Lib_VC142|x86.ActiveCfg = Release|Win32
		{9CF9AD3F-1C4A-4982-831D-A292E69FB698}.Release_Lib_VC142|x86.Build.0 = Release|Win32
		{9CF9AD3F-1C4A-4982-831D-A292E69FB698}.Release_Lib|x64.ActiveCfg = Release|x64
		{9CF9AD3F-1C4A-4982-831D-A292E69FB698}.Release_Lib|x64.Build.0 = Release|x64
		{9CF9AD3F-1C4A-4982-831D-A292E69FB698}.Release_Lib|x86.ActiveCfg = Release|Win32
		{9CF9AD3F-1C4A-4982-831D-A292E69FB698}.Release_Lib|x86.Build.0 = Release|Win32
		{9CF9AD3F-1C4A-4982-831D-A292E69FB698}.Release_VC142|x64.ActiveCfg = Release|x64
		{9CF9AD3F-1C4A-4982-831D-A292E69FB698}.Release_VC142|x64.Build.0 = Release|x64
		{9CF9AD3F-1C4A-4982-831D-A292E69FB698}.Release_VC142|x86.ActiveCfg = Release|Win32
		{9CF9AD3F-1C4A-4982-831D-A292E69FB698}.Release_VC142|x86.Build.0 = Release|Win32
		{9CF9AD3F-1C4A-4982-831D-A292E69FB698}.Release|x64.ActiveCfg = Release|x64
		{9CF9AD3F-1C4A-4982-831D-A292E69FB698}.Release|x64.Build.0 = Release|x64
		{9CF9AD3F-1C4A-4982-831D-A292E69FB698}.Release|x86.ActiveCfg = Release|Win32
		{9CF9AD3F-1C4A-4982-831D-A292E69FB698}.Release|x86.Build.0 = Release|Win32
	EndGlobalSection
	GlobalSection(SolutionProperties) = preSolution
		HideSolutionNode = FALSE
	EndGlobalSection
	GlobalSection(ExtensibilityGlobals) = postSolution
		SolutionGuid = {CE15FA7D-C10E-466D-9670-B065E71EC8BA}
	EndGlobalSection
EndGlobal
